
Microsoft Visual Studio Solution File, Format Version 12.00
# Visual Studio Version 16
VisualStudioVersion = 16.0.30114.105
MinimumVisualStudioVersion = 10.0.40219.1
Project("{2150E333-8FDC-42A3-9474-1A3956D46DE8}") = "src", "src", "{5F10A5E3-C380-48CD-B95C-419D15425904}"
EndProject
Project("{2150E333-8FDC-42A3-9474-1A3956D46DE8}") = "App", "App", "{B59273E1-50B8-4E65-B9DC-DC5B4D1A4648}"
EndProject
Project("{FAE04EC0-301F-11D3-BF4B-00C04F79EFBC}") = "Main", "src\App\Main\Main.csproj", "{38BD8175-151F-4281-8691-95DEA90DB4CF}"
EndProject
Project("{2150E333-8FDC-42A3-9474-1A3956D46DE8}") = "Tests", "Tests", "{52C46E68-3F77-4C58-9A4D-B96400117B25}"
EndProject
Project("{FAE04EC0-301F-11D3-BF4B-00C04F79EFBC}") = "Ex2Test", "src\Tests\Ex2Test\Ex2Test.csproj", "{F5538A19-2E68-41D0-AB22-BDDAABD54B1D}"
EndProject
Project("{FAE04EC0-301F-11D3-BF4B-00C04F79EFBC}") = "Ex1Test", "src\Tests\Ex1Test\Ex1Test.csproj", "{BF1134F2-CDE5-41E8-8849-C9DB5DEC0372}"
EndProject
Project("{FAE04EC0-301F-11D3-BF4B-00C04F79EFBC}") = "Ex3Test", "src\Tests\Ex3Test\Ex3Test.csproj", "{B212F160-D9AD-4BC3-B171-676D7077ADBC}"
EndProject
Project("{FAE04EC0-301F-11D3-BF4B-00C04F79EFBC}") = "Ex7Test", "src\Tests\Ex7Test\Ex7Test.csproj", "{ED8EC4D4-32E1-4164-84C1-814703998F1C}"
EndProject
Project("{FAE04EC0-301F-11D3-BF4B-00C04F79EFBC}") = "JokenpoTest", "src\Tests\JokenpoTest\JokenpoTest.csproj", "{1489CDF5-4EBC-4C08-9A30-023DD494782B}"
EndProject
Global
	GlobalSection(SolutionConfigurationPlatforms) = preSolution
		Debug|Any CPU = Debug|Any CPU
		Debug|x64 = Debug|x64
		Debug|x86 = Debug|x86
		Release|Any CPU = Release|Any CPU
		Release|x64 = Release|x64
		Release|x86 = Release|x86
	EndGlobalSection
	GlobalSection(SolutionProperties) = preSolution
		HideSolutionNode = FALSE
	EndGlobalSection
	GlobalSection(ProjectConfigurationPlatforms) = postSolution
		{38BD8175-151F-4281-8691-95DEA90DB4CF}.Debug|Any CPU.ActiveCfg = Debug|Any CPU
		{38BD8175-151F-4281-8691-95DEA90DB4CF}.Debug|Any CPU.Build.0 = Debug|Any CPU
		{38BD8175-151F-4281-8691-95DEA90DB4CF}.Debug|x64.ActiveCfg = Debug|Any CPU
		{38BD8175-151F-4281-8691-95DEA90DB4CF}.Debug|x64.Build.0 = Debug|Any CPU
		{38BD8175-151F-4281-8691-95DEA90DB4CF}.Debug|x86.ActiveCfg = Debug|Any CPU
		{38BD8175-151F-4281-8691-95DEA90DB4CF}.Debug|x86.Build.0 = Debug|Any CPU
		{38BD8175-151F-4281-8691-95DEA90DB4CF}.Release|Any CPU.ActiveCfg = Release|Any CPU
		{38BD8175-151F-4281-8691-95DEA90DB4CF}.Release|Any CPU.Build.0 = Release|Any CPU
		{38BD8175-151F-4281-8691-95DEA90DB4CF}.Release|x64.ActiveCfg = Release|Any CPU
		{38BD8175-151F-4281-8691-95DEA90DB4CF}.Release|x64.Build.0 = Release|Any CPU
		{38BD8175-151F-4281-8691-95DEA90DB4CF}.Release|x86.ActiveCfg = Release|Any CPU
		{38BD8175-151F-4281-8691-95DEA90DB4CF}.Release|x86.Build.0 = Release|Any CPU
		{F5538A19-2E68-41D0-AB22-BDDAABD54B1D}.Debug|Any CPU.ActiveCfg = Debug|Any CPU
		{F5538A19-2E68-41D0-AB22-BDDAABD54B1D}.Debug|Any CPU.Build.0 = Debug|Any CPU
		{F5538A19-2E68-41D0-AB22-BDDAABD54B1D}.Debug|x64.ActiveCfg = Debug|Any CPU
		{F5538A19-2E68-41D0-AB22-BDDAABD54B1D}.Debug|x64.Build.0 = Debug|Any CPU
		{F5538A19-2E68-41D0-AB22-BDDAABD54B1D}.Debug|x86.ActiveCfg = Debug|Any CPU
		{F5538A19-2E68-41D0-AB22-BDDAABD54B1D}.Debug|x86.Build.0 = Debug|Any CPU
		{F5538A19-2E68-41D0-AB22-BDDAABD54B1D}.Release|Any CPU.ActiveCfg = Release|Any CPU
		{F5538A19-2E68-41D0-AB22-BDDAABD54B1D}.Release|Any CPU.Build.0 = Release|Any CPU
		{F5538A19-2E68-41D0-AB22-BDDAABD54B1D}.Release|x64.ActiveCfg = Release|Any CPU
		{F5538A19-2E68-41D0-AB22-BDDAABD54B1D}.Release|x64.Build.0 = Release|Any CPU
		{F5538A19-2E68-41D0-AB22-BDDAABD54B1D}.Release|x86.ActiveCfg = Release|Any CPU
		{F5538A19-2E68-41D0-AB22-BDDAABD54B1D}.Release|x86.Build.0 = Release|Any CPU
		{BF1134F2-CDE5-41E8-8849-C9DB5DEC0372}.Debug|Any CPU.ActiveCfg = Debug|Any CPU
		{BF1134F2-CDE5-41E8-8849-C9DB5DEC0372}.Debug|Any CPU.Build.0 = Debug|Any CPU
		{BF1134F2-CDE5-41E8-8849-C9DB5DEC0372}.Debug|x64.ActiveCfg = Debug|Any CPU
		{BF1134F2-CDE5-41E8-8849-C9DB5DEC0372}.Debug|x64.Build.0 = Debug|Any CPU
		{BF1134F2-CDE5-41E8-8849-C9DB5DEC0372}.Debug|x86.ActiveCfg = Debug|Any CPU
		{BF1134F2-CDE5-41E8-8849-C9DB5DEC0372}.Debug|x86.Build.0 = Debug|Any CPU
		{BF1134F2-CDE5-41E8-8849-C9DB5DEC0372}.Release|Any CPU.ActiveCfg = Release|Any CPU
		{BF1134F2-CDE5-41E8-8849-C9DB5DEC0372}.Release|Any CPU.Build.0 = Release|Any CPU
		{BF1134F2-CDE5-41E8-8849-C9DB5DEC0372}.Release|x64.ActiveCfg = Release|Any CPU
		{BF1134F2-CDE5-41E8-8849-C9DB5DEC0372}.Release|x64.Build.0 = Release|Any CPU
		{BF1134F2-CDE5-41E8-8849-C9DB5DEC0372}.Release|x86.ActiveCfg = Release|Any CPU
		{BF1134F2-CDE5-41E8-8849-C9DB5DEC0372}.Release|x86.Build.0 = Release|Any CPU
		{B212F160-D9AD-4BC3-B171-676D7077ADBC}.Debug|Any CPU.ActiveCfg = Debug|Any CPU
		{B212F160-D9AD-4BC3-B171-676D7077ADBC}.Debug|Any CPU.Build.0 = Debug|Any CPU
		{B212F160-D9AD-4BC3-B171-676D7077ADBC}.Debug|x64.ActiveCfg = Debug|Any CPU
		{B212F160-D9AD-4BC3-B171-676D7077ADBC}.Debug|x64.Build.0 = Debug|Any CPU
		{B212F160-D9AD-4BC3-B171-676D7077ADBC}.Debug|x86.ActiveCfg = Debug|Any CPU
		{B212F160-D9AD-4BC3-B171-676D7077ADBC}.Debug|x86.Build.0 = Debug|Any CPU
		{B212F160-D9AD-4BC3-B171-676D7077ADBC}.Release|Any CPU.ActiveCfg = Release|Any CPU
		{B212F160-D9AD-4BC3-B171-676D7077ADBC}.Release|Any CPU.Build.0 = Release|Any CPU
		{B212F160-D9AD-4BC3-B171-676D7077ADBC}.Release|x64.ActiveCfg = Release|Any CPU
		{B212F160-D9AD-4BC3-B171-676D7077ADBC}.Release|x64.Build.0 = Release|Any CPU
		{B212F160-D9AD-4BC3-B171-676D7077ADBC}.Release|x86.ActiveCfg = Release|Any CPU
		{B212F160-D9AD-4BC3-B171-676D7077ADBC}.Release|x86.Build.0 = Release|Any CPU
		{ED8EC4D4-32E1-4164-84C1-814703998F1C}.Debug|Any CPU.ActiveCfg = Debug|Any CPU
		{ED8EC4D4-32E1-4164-84C1-814703998F1C}.Debug|Any CPU.Build.0 = Debug|Any CPU
		{ED8EC4D4-32E1-4164-84C1-814703998F1C}.Debug|x64.ActiveCfg = Debug|Any CPU
		{ED8EC4D4-32E1-4164-84C1-814703998F1C}.Debug|x64.Build.0 = Debug|Any CPU
		{ED8EC4D4-32E1-4164-84C1-814703998F1C}.Debug|x86.ActiveCfg = Debug|Any CPU
		{ED8EC4D4-32E1-4164-84C1-814703998F1C}.Debug|x86.Build.0 = Debug|Any CPU
		{ED8EC4D4-32E1-4164-84C1-814703998F1C}.Release|Any CPU.ActiveCfg = Release|Any CPU
		{ED8EC4D4-32E1-4164-84C1-814703998F1C}.Release|Any CPU.Build.0 = Release|Any CPU
		{ED8EC4D4-32E1-4164-84C1-814703998F1C}.Release|x64.ActiveCfg = Release|Any CPU
		{ED8EC4D4-32E1-4164-84C1-814703998F1C}.Release|x64.Build.0 = Release|Any CPU
		{ED8EC4D4-32E1-4164-84C1-814703998F1C}.Release|x86.ActiveCfg = Release|Any CPU
		{ED8EC4D4-32E1-4164-84C1-814703998F1C}.Release|x86.Build.0 = Release|Any CPU
		{1489CDF5-4EBC-4C08-9A30-023DD494782B}.Debug|Any CPU.ActiveCfg = Debug|Any CPU
		{1489CDF5-4EBC-4C08-9A30-023DD494782B}.Debug|Any CPU.Build.0 = Debug|Any CPU
		{1489CDF5-4EBC-4C08-9A30-023DD494782B}.Debug|x64.ActiveCfg = Debug|Any CPU
		{1489CDF5-4EBC-4C08-9A30-023DD494782B}.Debug|x64.Build.0 = Debug|Any CPU
		{1489CDF5-4EBC-4C08-9A30-023DD494782B}.Debug|x86.ActiveCfg = Debug|Any CPU
		{1489CDF5-4EBC-4C08-9A30-023DD494782B}.Debug|x86.Build.0 = Debug|Any CPU
		{1489CDF5-4EBC-4C08-9A30-023DD494782B}.Release|Any CPU.ActiveCfg = Release|Any CPU
		{1489CDF5-4EBC-4C08-9A30-023DD494782B}.Release|Any CPU.Build.0 = Release|Any CPU
		{1489CDF5-4EBC-4C08-9A30-023DD494782B}.Release|x64.ActiveCfg = Release|Any CPU
		{1489CDF5-4EBC-4C08-9A30-023DD494782B}.Release|x64.Build.0 = Release|Any CPU
		{1489CDF5-4EBC-4C08-9A30-023DD494782B}.Release|x86.ActiveCfg = Release|Any CPU
		{1489CDF5-4EBC-4C08-9A30-023DD494782B}.Release|x86.Build.0 = Release|Any CPU
	EndGlobalSection
	GlobalSection(NestedProjects) = preSolution
		{B59273E1-50B8-4E65-B9DC-DC5B4D1A4648} = {5F10A5E3-C380-48CD-B95C-419D15425904}
		{38BD8175-151F-4281-8691-95DEA90DB4CF} = {B59273E1-50B8-4E65-B9DC-DC5B4D1A4648}
		{52C46E68-3F77-4C58-9A4D-B96400117B25} = {5F10A5E3-C380-48CD-B95C-419D15425904}
		{F5538A19-2E68-41D0-AB22-BDDAABD54B1D} = {52C46E68-3F77-4C58-9A4D-B96400117B25}
		{BF1134F2-CDE5-41E8-8849-C9DB5DEC0372} = {52C46E68-3F77-4C58-9A4D-B96400117B25}
		{B212F160-D9AD-4BC3-B171-676D7077ADBC} = {52C46E68-3F77-4C58-9A4D-B96400117B25}
		{ED8EC4D4-32E1-4164-84C1-814703998F1C} = {52C46E68-3F77-4C58-9A4D-B96400117B25}
		{1489CDF5-4EBC-4C08-9A30-023DD494782B} = {52C46E68-3F77-4C58-9A4D-B96400117B25}
	EndGlobalSection
EndGlobal
